
Microsoft Visual Studio Solution File, Format Version 12.00
# Visual Studio Version 16
VisualStudioVersion = 16.0.29926.136
MinimumVisualStudioVersion = 10.0.40219.1
Project("{FAE04EC0-301F-11D3-BF4B-00C04F79EFBC}") = "ServerskiKontroli2", "ServerskiKontroli2\ServerskiKontroli2.csproj", "{67E18FCF-401D-4411-97B5-5F18B654B82E}"
EndProject
Global
	GlobalSection(SolutionConfigurationPlatforms) = preSolution
		Debug|Any CPU = Debug|Any CPU
		Release|Any CPU = Release|Any CPU
	EndGlobalSection
	GlobalSection(ProjectConfigurationPlatforms) = postSolution
		{67E18FCF-401D-4411-97B5-5F18B654B82E}.Debug|Any CPU.ActiveCfg = Debug|Any CPU
		{67E18FCF-401D-4411-97B5-5F18B654B82E}.Debug|Any CPU.Build.0 = Debug|Any CPU
		{67E18FCF-401D-4411-97B5-5F18B654B82E}.Release|Any CPU.ActiveCfg = Release|Any CPU
		{67E18FCF-401D-4411-97B5-5F18B654B82E}.Release|Any CPU.Build.0 = Release|Any CPU
	EndGlobalSection
	GlobalSection(SolutionProperties) = preSolution
		HideSolutionNode = FALSE
	EndGlobalSection
	GlobalSection(ExtensibilityGlobals) = postSolution
		SolutionGuid = {3BCF8BB2-0C51-4146-92E0-45AEA67F2BFB}
	EndGlobalSection
EndGlobal
