
Microsoft Visual Studio Solution File, Format Version 12.00
# Visual Studio Version 16
VisualStudioVersion = 16.0.29926.136
MinimumVisualStudioVersion = 10.0.40219.1
Project("{FAE04EC0-301F-11D3-BF4B-00C04F79EFBC}") = "probaWebForms", "probaWebForms\probaWebForms.csproj", "{362FDDF2-673A-469C-9FA3-11E1933E8FE8}"
EndProject
Global
	GlobalSection(SolutionConfigurationPlatforms) = preSolution
		Debug|Any CPU = Debug|Any CPU
		Release|Any CPU = Release|Any CPU
	EndGlobalSection
	GlobalSection(ProjectConfigurationPlatforms) = postSolution
		{362FDDF2-673A-469C-9FA3-11E1933E8FE8}.Debug|Any CPU.ActiveCfg = Debug|Any CPU
		{362FDDF2-673A-469C-9FA3-11E1933E8FE8}.Debug|Any CPU.Build.0 = Debug|Any CPU
		{362FDDF2-673A-469C-9FA3-11E1933E8FE8}.Release|Any CPU.ActiveCfg = Release|Any CPU
		{362FDDF2-673A-469C-9FA3-11E1933E8FE8}.Release|Any CPU.Build.0 = Release|Any CPU
	EndGlobalSection
	GlobalSection(SolutionProperties) = preSolution
		HideSolutionNode = FALSE
	EndGlobalSection
	GlobalSection(ExtensibilityGlobals) = postSolution
		SolutionGuid = {F537A4B5-2F32-4A0E-BDCE-D4499EBE0BFF}
	EndGlobalSection
EndGlobal
