
Microsoft Visual Studio Solution File, Format Version 12.00
# Visual Studio Version 16
VisualStudioVersion = 16.0.29926.136
MinimumVisualStudioVersion = 10.0.40219.1
Project("{FAE04EC0-301F-11D3-BF4B-00C04F79EFBC}") = "PrvaZadaca", "PrvaZadaca\PrvaZadaca.csproj", "{F4FE187A-956C-4417-AA67-7B150055A449}"
EndProject
Global
	GlobalSection(SolutionConfigurationPlatforms) = preSolution
		Debug|Any CPU = Debug|Any CPU
		Release|Any CPU = Release|Any CPU
	EndGlobalSection
	GlobalSection(ProjectConfigurationPlatforms) = postSolution
		{F4FE187A-956C-4417-AA67-7B150055A449}.Debug|Any CPU.ActiveCfg = Debug|Any CPU
		{F4FE187A-956C-4417-AA67-7B150055A449}.Debug|Any CPU.Build.0 = Debug|Any CPU
		{F4FE187A-956C-4417-AA67-7B150055A449}.Release|Any CPU.ActiveCfg = Release|Any CPU
		{F4FE187A-956C-4417-AA67-7B150055A449}.Release|Any CPU.Build.0 = Release|Any CPU
	EndGlobalSection
	GlobalSection(SolutionProperties) = preSolution
		HideSolutionNode = FALSE
	EndGlobalSection
	GlobalSection(ExtensibilityGlobals) = postSolution
		SolutionGuid = {26B8235D-1D61-4D42-91AD-54B4B185B920}
	EndGlobalSection
EndGlobal
